// !$*UTF8*$!
{
	archiveVersion = 1;
	classes = {
	};
	objectVersion = 56;
	objects = {

/* Begin PBXBuildFile section */
		30033BB02C65EBAF007DBE0A /* AppDelegate.swift in Sources */ = {isa = PBXBuildFile; fileRef = 30033BAF2C65EBAF007DBE0A /* AppDelegate.swift */; };
		30033BB22C65EBAF007DBE0A /* SceneDelegate.swift in Sources */ = {isa = PBXBuildFile; fileRef = 30033BB12C65EBAF007DBE0A /* SceneDelegate.swift */; };
		30033BB42C65EBAF007DBE0A /* ViewController.swift in Sources */ = {isa = PBXBuildFile; fileRef = 30033BB32C65EBAF007DBE0A /* ViewController.swift */; };
		30033BB72C65EBAF007DBE0A /* Base in Resources */ = {isa = PBXBuildFile; fileRef = 30033BB62C65EBAF007DBE0A /* Base */; };
		30033BB92C65EBB1007DBE0A /* Assets.xcassets in Resources */ = {isa = PBXBuildFile; fileRef = 30033BB82C65EBB1007DBE0A /* Assets.xcassets */; };
		30033BBC2C65EBB1007DBE0A /* Base in Resources */ = {isa = PBXBuildFile; fileRef = 30033BBB2C65EBB1007DBE0A /* Base */; };
		30033BC62C65EF07007DBE0A /* LoadingView.swift in Sources */ = {isa = PBXBuildFile; fileRef = 30033BC52C65EF07007DBE0A /* LoadingView.swift */; };
		30033BC92C65F2BD007DBE0A /* LoadingProgressBarView.swift in Sources */ = {isa = PBXBuildFile; fileRef = 30033BC82C65F2BD007DBE0A /* LoadingProgressBarView.swift */; };
		30033BCC2C65F9C8007DBE0A /* Registrationview.swift in Sources */ = {isa = PBXBuildFile; fileRef = 30033BCB2C65F9C8007DBE0A /* Registrationview.swift */; };
		30033BCF2C65F9E4007DBE0A /* RegistrationViewModel.swift in Sources */ = {isa = PBXBuildFile; fileRef = 30033BCE2C65F9E4007DBE0A /* RegistrationViewModel.swift */; };
		30033BD12C65FA16007DBE0A /* CustomTextFieldView.swift in Sources */ = {isa = PBXBuildFile; fileRef = 30033BD02C65FA16007DBE0A /* CustomTextFieldView.swift */; };
		30033BD32C65FA90007DBE0A /* CustomButtonView.swift in Sources */ = {isa = PBXBuildFile; fileRef = 30033BD22C65FA90007DBE0A /* CustomButtonView.swift */; };
		30033BD92C65FB25007DBE0A /* CoreDataManager.swift in Sources */ = {isa = PBXBuildFile; fileRef = 30033BD82C65FB25007DBE0A /* CoreDataManager.swift */; };
		30033BDC2C65FB68007DBE0A /* LangDiary.xcdatamodeld in Sources */ = {isa = PBXBuildFile; fileRef = 30033BDA2C65FB68007DBE0A /* LangDiary.xcdatamodeld */; };
		30033BDE2C65FEA4007DBE0A /* PhotoPicker.swift in Sources */ = {isa = PBXBuildFile; fileRef = 30033BDD2C65FEA4007DBE0A /* PhotoPicker.swift */; };
		30033BE02C660403007DBE0A /* UIImageTransformer.swift in Sources */ = {isa = PBXBuildFile; fileRef = 30033BDF2C660403007DBE0A /* UIImageTransformer.swift */; };
		30033BE22C66042D007DBE0A /* User.swift in Sources */ = {isa = PBXBuildFile; fileRef = 30033BE12C66042D007DBE0A /* User.swift */; };
		30033BE42C6606D0007DBE0A /* MainView.swift in Sources */ = {isa = PBXBuildFile; fileRef = 30033BE32C6606D0007DBE0A /* MainView.swift */; };
		30033BE72C6611FC007DBE0A /* TeacherCell.swift in Sources */ = {isa = PBXBuildFile; fileRef = 30033BE62C6611FC007DBE0A /* TeacherCell.swift */; };
		30033BE92C661383007DBE0A /* Teacher.swift in Sources */ = {isa = PBXBuildFile; fileRef = 30033BE82C661383007DBE0A /* Teacher.swift */; };
		30033BEB2C661468007DBE0A /* MainViewModel.swift in Sources */ = {isa = PBXBuildFile; fileRef = 30033BEA2C661468007DBE0A /* MainViewModel.swift */; };
		30033BEE2C661BF3007DBE0A /* AddTeacherView.swift in Sources */ = {isa = PBXBuildFile; fileRef = 30033BED2C661BF3007DBE0A /* AddTeacherView.swift */; };
		30033BF72C664852007DBE0A /* WordCellView.swift in Sources */ = {isa = PBXBuildFile; fileRef = 30033BF62C664852007DBE0A /* WordCellView.swift */; };
		30033BF92C664B0D007DBE0A /* WordTextFieldView.swift in Sources */ = {isa = PBXBuildFile; fileRef = 30033BF82C664B0D007DBE0A /* WordTextFieldView.swift */; };
		30033BFB2C664D44007DBE0A /* CircleButtonView.swift in Sources */ = {isa = PBXBuildFile; fileRef = 30033BFA2C664D44007DBE0A /* CircleButtonView.swift */; };
		305932942C680C7700C024C0 /* AddHomeWorkView.swift in Sources */ = {isa = PBXBuildFile; fileRef = 305932932C680C7700C024C0 /* AddHomeWorkView.swift */; };
		305932962C68120C00C024C0 /* HomeWorkCell.swift in Sources */ = {isa = PBXBuildFile; fileRef = 305932952C68120C00C024C0 /* HomeWorkCell.swift */; };
		3066B8D72C666780002F2715 /* TeacherView.swift in Sources */ = {isa = PBXBuildFile; fileRef = 3066B8D62C666780002F2715 /* TeacherView.swift */; };
		3066B8DA2C669CE3002F2715 /* SettingsView.swift in Sources */ = {isa = PBXBuildFile; fileRef = 3066B8D92C669CE3002F2715 /* SettingsView.swift */; };
		3066B8DF2C669D38002F2715 /* webView.swift in Sources */ = {isa = PBXBuildFile; fileRef = 3066B8DB2C669D38002F2715 /* webView.swift */; };
		3066B8E02C669D38002F2715 /* webViewBack.swift in Sources */ = {isa = PBXBuildFile; fileRef = 3066B8DC2C669D38002F2715 /* webViewBack.swift */; };
		3066B8E12C669D38002F2715 /* WebViewPage.swift in Sources */ = {isa = PBXBuildFile; fileRef = 3066B8DD2C669D38002F2715 /* WebViewPage.swift */; };
		3066B8E32C669D89002F2715 /* SettingButton.swift in Sources */ = {isa = PBXBuildFile; fileRef = 3066B8E22C669D89002F2715 /* SettingButton.swift */; };
		3066B8E62C66A00B002F2715 /* HomeWorkView.swift in Sources */ = {isa = PBXBuildFile; fileRef = 3066B8E52C66A00B002F2715 /* HomeWorkView.swift */; };
/* End PBXBuildFile section */

/* Begin PBXFileReference section */
		30033BAC2C65EBAF007DBE0A /* LangDiary.app */ = {isa = PBXFileReference; explicitFileType = wrapper.application; includeInIndex = 0; path = LangDiary.app; sourceTree = BUILT_PRODUCTS_DIR; };
		30033BAF2C65EBAF007DBE0A /* AppDelegate.swift */ = {isa = PBXFileReference; lastKnownFileType = sourcecode.swift; path = AppDelegate.swift; sourceTree = "<group>"; };
		30033BB12C65EBAF007DBE0A /* SceneDelegate.swift */ = {isa = PBXFileReference; lastKnownFileType = sourcecode.swift; path = SceneDelegate.swift; sourceTree = "<group>"; };
		30033BB32C65EBAF007DBE0A /* ViewController.swift */ = {isa = PBXFileReference; lastKnownFileType = sourcecode.swift; path = ViewController.swift; sourceTree = "<group>"; };
		30033BB62C65EBAF007DBE0A /* Base */ = {isa = PBXFileReference; lastKnownFileType = file.storyboard; name = Base; path = Base.lproj/Main.storyboard; sourceTree = "<group>"; };
		30033BB82C65EBB1007DBE0A /* Assets.xcassets */ = {isa = PBXFileReference; lastKnownFileType = folder.assetcatalog; path = Assets.xcassets; sourceTree = "<group>"; };
		30033BBB2C65EBB1007DBE0A /* Base */ = {isa = PBXFileReference; lastKnownFileType = file.storyboard; name = Base; path = Base.lproj/LaunchScreen.storyboard; sourceTree = "<group>"; };
		30033BBD2C65EBB1007DBE0A /* Info.plist */ = {isa = PBXFileReference; lastKnownFileType = text.plist.xml; path = Info.plist; sourceTree = "<group>"; };
		30033BC52C65EF07007DBE0A /* LoadingView.swift */ = {isa = PBXFileReference; lastKnownFileType = sourcecode.swift; path = LoadingView.swift; sourceTree = "<group>"; };
		30033BC82C65F2BD007DBE0A /* LoadingProgressBarView.swift */ = {isa = PBXFileReference; lastKnownFileType = sourcecode.swift; path = LoadingProgressBarView.swift; sourceTree = "<group>"; };
		30033BCB2C65F9C8007DBE0A /* Registrationview.swift */ = {isa = PBXFileReference; fileEncoding = 4; lastKnownFileType = sourcecode.swift; path = Registrationview.swift; sourceTree = "<group>"; };
		30033BCE2C65F9E4007DBE0A /* RegistrationViewModel.swift */ = {isa = PBXFileReference; fileEncoding = 4; lastKnownFileType = sourcecode.swift; path = RegistrationViewModel.swift; sourceTree = "<group>"; };
		30033BD02C65FA16007DBE0A /* CustomTextFieldView.swift */ = {isa = PBXFileReference; fileEncoding = 4; lastKnownFileType = sourcecode.swift; path = CustomTextFieldView.swift; sourceTree = "<group>"; };
		30033BD22C65FA90007DBE0A /* CustomButtonView.swift */ = {isa = PBXFileReference; fileEncoding = 4; lastKnownFileType = sourcecode.swift; path = CustomButtonView.swift; sourceTree = "<group>"; };
		30033BD82C65FB25007DBE0A /* CoreDataManager.swift */ = {isa = PBXFileReference; fileEncoding = 4; lastKnownFileType = sourcecode.swift; path = CoreDataManager.swift; sourceTree = "<group>"; };
		30033BDB2C65FB68007DBE0A /* LangDiary.xcdatamodel */ = {isa = PBXFileReference; lastKnownFileType = wrapper.xcdatamodel; path = LangDiary.xcdatamodel; sourceTree = "<group>"; };
		30033BDD2C65FEA4007DBE0A /* PhotoPicker.swift */ = {isa = PBXFileReference; fileEncoding = 4; lastKnownFileType = sourcecode.swift; path = PhotoPicker.swift; sourceTree = "<group>"; };
		30033BDF2C660403007DBE0A /* UIImageTransformer.swift */ = {isa = PBXFileReference; fileEncoding = 4; lastKnownFileType = sourcecode.swift; path = UIImageTransformer.swift; sourceTree = "<group>"; };
		30033BE12C66042D007DBE0A /* User.swift */ = {isa = PBXFileReference; lastKnownFileType = sourcecode.swift; path = User.swift; sourceTree = "<group>"; };
		30033BE32C6606D0007DBE0A /* MainView.swift */ = {isa = PBXFileReference; lastKnownFileType = sourcecode.swift; path = MainView.swift; sourceTree = "<group>"; };
		30033BE62C6611FC007DBE0A /* TeacherCell.swift */ = {isa = PBXFileReference; lastKnownFileType = sourcecode.swift; path = TeacherCell.swift; sourceTree = "<group>"; };
		30033BE82C661383007DBE0A /* Teacher.swift */ = {isa = PBXFileReference; lastKnownFileType = sourcecode.swift; path = Teacher.swift; sourceTree = "<group>"; };
		30033BEA2C661468007DBE0A /* MainViewModel.swift */ = {isa = PBXFileReference; lastKnownFileType = sourcecode.swift; path = MainViewModel.swift; sourceTree = "<group>"; };
		30033BED2C661BF3007DBE0A /* AddTeacherView.swift */ = {isa = PBXFileReference; lastKnownFileType = sourcecode.swift; path = AddTeacherView.swift; sourceTree = "<group>"; };
		30033BF62C664852007DBE0A /* WordCellView.swift */ = {isa = PBXFileReference; lastKnownFileType = sourcecode.swift; path = WordCellView.swift; sourceTree = "<group>"; };
		30033BF82C664B0D007DBE0A /* WordTextFieldView.swift */ = {isa = PBXFileReference; lastKnownFileType = sourcecode.swift; path = WordTextFieldView.swift; sourceTree = "<group>"; };
		30033BFA2C664D44007DBE0A /* CircleButtonView.swift */ = {isa = PBXFileReference; lastKnownFileType = sourcecode.swift; path = CircleButtonView.swift; sourceTree = "<group>"; };
		305932932C680C7700C024C0 /* AddHomeWorkView.swift */ = {isa = PBXFileReference; lastKnownFileType = sourcecode.swift; path = AddHomeWorkView.swift; sourceTree = "<group>"; };
		305932952C68120C00C024C0 /* HomeWorkCell.swift */ = {isa = PBXFileReference; lastKnownFileType = sourcecode.swift; path = HomeWorkCell.swift; sourceTree = "<group>"; };
		3066B8D62C666780002F2715 /* TeacherView.swift */ = {isa = PBXFileReference; lastKnownFileType = sourcecode.swift; path = TeacherView.swift; sourceTree = "<group>"; };
		3066B8D92C669CE3002F2715 /* SettingsView.swift */ = {isa = PBXFileReference; lastKnownFileType = sourcecode.swift; path = SettingsView.swift; sourceTree = "<group>"; };
		3066B8DB2C669D38002F2715 /* webView.swift */ = {isa = PBXFileReference; fileEncoding = 4; lastKnownFileType = sourcecode.swift; path = webView.swift; sourceTree = "<group>"; };
		3066B8DC2C669D38002F2715 /* webViewBack.swift */ = {isa = PBXFileReference; fileEncoding = 4; lastKnownFileType = sourcecode.swift; path = webViewBack.swift; sourceTree = "<group>"; };
		3066B8DD2C669D38002F2715 /* WebViewPage.swift */ = {isa = PBXFileReference; fileEncoding = 4; lastKnownFileType = sourcecode.swift; path = WebViewPage.swift; sourceTree = "<group>"; };
		3066B8E22C669D89002F2715 /* SettingButton.swift */ = {isa = PBXFileReference; lastKnownFileType = sourcecode.swift; path = SettingButton.swift; sourceTree = "<group>"; };
		3066B8E52C66A00B002F2715 /* HomeWorkView.swift */ = {isa = PBXFileReference; lastKnownFileType = sourcecode.swift; path = HomeWorkView.swift; sourceTree = "<group>"; };
/* End PBXFileReference section */

/* Begin PBXFrameworksBuildPhase section */
		30033BA92C65EBAF007DBE0A /* Frameworks */ = {
			isa = PBXFrameworksBuildPhase;
			buildActionMask = 2147483647;
			files = (
			);
			runOnlyForDeploymentPostprocessing = 0;
		};
/* End PBXFrameworksBuildPhase section */

/* Begin PBXGroup section */
		30033BA32C65EBAF007DBE0A = {
			isa = PBXGroup;
			children = (
				30033BAE2C65EBAF007DBE0A /* LangDiary */,
				30033BAD2C65EBAF007DBE0A /* Products */,
			);
			sourceTree = "<group>";
		};
		30033BAD2C65EBAF007DBE0A /* Products */ = {
			isa = PBXGroup;
			children = (
				30033BAC2C65EBAF007DBE0A /* LangDiary.app */,
			);
			name = Products;
			sourceTree = "<group>";
		};
		30033BAE2C65EBAF007DBE0A /* LangDiary */ = {
			isa = PBXGroup;
			children = (
				3066B8DE2C669D38002F2715 /* WebView */,
				30033BE52C6611EB007DBE0A /* Cells */,
				30033BD42C65FAB7007DBE0A /* CoreData */,
				30033BCD2C65F9D7007DBE0A /* ViewModels */,
				30033BC72C65F294007DBE0A /* Helpers */,
				30033BC32C65EEDD007DBE0A /* Views */,
				30033BAF2C65EBAF007DBE0A /* AppDelegate.swift */,
				30033BB12C65EBAF007DBE0A /* SceneDelegate.swift */,
				30033BB32C65EBAF007DBE0A /* ViewController.swift */,
				30033BB52C65EBAF007DBE0A /* Main.storyboard */,
				30033BB82C65EBB1007DBE0A /* Assets.xcassets */,
				30033BBA2C65EBB1007DBE0A /* LaunchScreen.storyboard */,
				30033BBD2C65EBB1007DBE0A /* Info.plist */,
			);
			path = LangDiary;
			sourceTree = "<group>";
		};
		30033BC32C65EEDD007DBE0A /* Views */ = {
			isa = PBXGroup;
			children = (
				3066B8E42C669FC5002F2715 /* HomeWork */,
				3066B8D82C669CBA002F2715 /* Settings */,
				30033BEC2C661BE3007DBE0A /* Teacher */,
				30033BCA2C65F99D007DBE0A /* Registration */,
				30033BC42C65EEF7007DBE0A /* Loading */,
				30033BE32C6606D0007DBE0A /* MainView.swift */,
			);
			path = Views;
			sourceTree = "<group>";
		};
		30033BC42C65EEF7007DBE0A /* Loading */ = {
			isa = PBXGroup;
			children = (
				30033BC52C65EF07007DBE0A /* LoadingView.swift */,
			);
			path = Loading;
			sourceTree = "<group>";
		};
		30033BC72C65F294007DBE0A /* Helpers */ = {
			isa = PBXGroup;
			children = (
				30033BDD2C65FEA4007DBE0A /* PhotoPicker.swift */,
				30033BD22C65FA90007DBE0A /* CustomButtonView.swift */,
				30033BD02C65FA16007DBE0A /* CustomTextFieldView.swift */,
				30033BC82C65F2BD007DBE0A /* LoadingProgressBarView.swift */,
				30033BF82C664B0D007DBE0A /* WordTextFieldView.swift */,
				30033BFA2C664D44007DBE0A /* CircleButtonView.swift */,
				3066B8E22C669D89002F2715 /* SettingButton.swift */,
			);
			path = Helpers;
			sourceTree = "<group>";
		};
		30033BCA2C65F99D007DBE0A /* Registration */ = {
			isa = PBXGroup;
			children = (
				30033BCB2C65F9C8007DBE0A /* Registrationview.swift */,
			);
			path = Registration;
			sourceTree = "<group>";
		};
		30033BCD2C65F9D7007DBE0A /* ViewModels */ = {
			isa = PBXGroup;
			children = (
				30033BCE2C65F9E4007DBE0A /* RegistrationViewModel.swift */,
				30033BEA2C661468007DBE0A /* MainViewModel.swift */,
			);
			path = ViewModels;
			sourceTree = "<group>";
		};
		30033BD42C65FAB7007DBE0A /* CoreData */ = {
			isa = PBXGroup;
			children = (
				30033BD82C65FB25007DBE0A /* CoreDataManager.swift */,
				30033BDA2C65FB68007DBE0A /* LangDiary.xcdatamodeld */,
				30033BDF2C660403007DBE0A /* UIImageTransformer.swift */,
				30033BE12C66042D007DBE0A /* User.swift */,
				30033BE82C661383007DBE0A /* Teacher.swift */,
			);
			path = CoreData;
			sourceTree = "<group>";
		};
		30033BE52C6611EB007DBE0A /* Cells */ = {
			isa = PBXGroup;
			children = (
				30033BE62C6611FC007DBE0A /* TeacherCell.swift */,
				30033BF62C664852007DBE0A /* WordCellView.swift */,
				305932952C68120C00C024C0 /* HomeWorkCell.swift */,
			);
			path = Cells;
			sourceTree = "<group>";
		};
		30033BEC2C661BE3007DBE0A /* Teacher */ = {
			isa = PBXGroup;
			children = (
				30033BED2C661BF3007DBE0A /* AddTeacherView.swift */,
				3066B8D62C666780002F2715 /* TeacherView.swift */,
			);
			path = Teacher;
			sourceTree = "<group>";
		};
		3066B8D82C669CBA002F2715 /* Settings */ = {
			isa = PBXGroup;
			children = (
				3066B8D92C669CE3002F2715 /* SettingsView.swift */,
			);
			path = Settings;
			sourceTree = "<group>";
		};
		3066B8DE2C669D38002F2715 /* WebView */ = {
			isa = PBXGroup;
			children = (
				3066B8DB2C669D38002F2715 /* webView.swift */,
				3066B8DC2C669D38002F2715 /* webViewBack.swift */,
				3066B8DD2C669D38002F2715 /* WebViewPage.swift */,
			);
			path = WebView;
			sourceTree = "<group>";
		};
		3066B8E42C669FC5002F2715 /* HomeWork */ = {
			isa = PBXGroup;
			children = (
				3066B8E52C66A00B002F2715 /* HomeWorkView.swift */,
				305932932C680C7700C024C0 /* AddHomeWorkView.swift */,
			);
			path = HomeWork;
			sourceTree = "<group>";
		};
/* End PBXGroup section */

/* Begin PBXNativeTarget section */
		30033BAB2C65EBAF007DBE0A /* LangDiary */ = {
			isa = PBXNativeTarget;
			buildConfigurationList = 30033BC02C65EBB1007DBE0A /* Build configuration list for PBXNativeTarget "LangDiary" */;
			buildPhases = (
				30033BA82C65EBAF007DBE0A /* Sources */,
				30033BA92C65EBAF007DBE0A /* Frameworks */,
				30033BAA2C65EBAF007DBE0A /* Resources */,
			);
			buildRules = (
			);
			dependencies = (
			);
			name = LangDiary;
			productName = LangDiary;
			productReference = 30033BAC2C65EBAF007DBE0A /* LangDiary.app */;
			productType = "com.apple.product-type.application";
		};
/* End PBXNativeTarget section */

/* Begin PBXProject section */
		30033BA42C65EBAF007DBE0A /* Project object */ = {
			isa = PBXProject;
			attributes = {
				BuildIndependentTargetsInParallel = 1;
				LastSwiftUpdateCheck = 1540;
				LastUpgradeCheck = 1540;
				TargetAttributes = {
					30033BAB2C65EBAF007DBE0A = {
						CreatedOnToolsVersion = 15.4;
					};
				};
			};
			buildConfigurationList = 30033BA72C65EBAF007DBE0A /* Build configuration list for PBXProject "LangDiary" */;
			compatibilityVersion = "Xcode 14.0";
			developmentRegion = en;
			hasScannedForEncodings = 0;
			knownRegions = (
				en,
				Base,
			);
			mainGroup = 30033BA32C65EBAF007DBE0A;
			productRefGroup = 30033BAD2C65EBAF007DBE0A /* Products */;
			projectDirPath = "";
			projectRoot = "";
			targets = (
				30033BAB2C65EBAF007DBE0A /* LangDiary */,
			);
		};
/* End PBXProject section */

/* Begin PBXResourcesBuildPhase section */
		30033BAA2C65EBAF007DBE0A /* Resources */ = {
			isa = PBXResourcesBuildPhase;
			buildActionMask = 2147483647;
			files = (
				30033BB92C65EBB1007DBE0A /* Assets.xcassets in Resources */,
				30033BBC2C65EBB1007DBE0A /* Base in Resources */,
				30033BB72C65EBAF007DBE0A /* Base in Resources */,
			);
			runOnlyForDeploymentPostprocessing = 0;
		};
/* End PBXResourcesBuildPhase section */

/* Begin PBXSourcesBuildPhase section */
		30033BA82C65EBAF007DBE0A /* Sources */ = {
			isa = PBXSourcesBuildPhase;
			buildActionMask = 2147483647;
			files = (
				3066B8E02C669D38002F2715 /* webViewBack.swift in Sources */,
				30033BC92C65F2BD007DBE0A /* LoadingProgressBarView.swift in Sources */,
				30033BB42C65EBAF007DBE0A /* ViewController.swift in Sources */,
				30033BC62C65EF07007DBE0A /* LoadingView.swift in Sources */,
				30033BE02C660403007DBE0A /* UIImageTransformer.swift in Sources */,
				30033BD32C65FA90007DBE0A /* CustomButtonView.swift in Sources */,
				30033BD12C65FA16007DBE0A /* CustomTextFieldView.swift in Sources */,
				30033BE22C66042D007DBE0A /* User.swift in Sources */,
				305932942C680C7700C024C0 /* AddHomeWorkView.swift in Sources */,
				3066B8DF2C669D38002F2715 /* webView.swift in Sources */,
				30033BEE2C661BF3007DBE0A /* AddTeacherView.swift in Sources */,
				3066B8E12C669D38002F2715 /* WebViewPage.swift in Sources */,
				30033BDC2C65FB68007DBE0A /* LangDiary.xcdatamodeld in Sources */,
				3066B8E32C669D89002F2715 /* SettingButton.swift in Sources */,
				3066B8DA2C669CE3002F2715 /* SettingsView.swift in Sources */,
				30033BE72C6611FC007DBE0A /* TeacherCell.swift in Sources */,
				30033BF92C664B0D007DBE0A /* WordTextFieldView.swift in Sources */,
				305932962C68120C00C024C0 /* HomeWorkCell.swift in Sources */,
				3066B8E62C66A00B002F2715 /* HomeWorkView.swift in Sources */,
				30033BCF2C65F9E4007DBE0A /* RegistrationViewModel.swift in Sources */,
				30033BCC2C65F9C8007DBE0A /* Registrationview.swift in Sources */,
				30033BDE2C65FEA4007DBE0A /* PhotoPicker.swift in Sources */,
				30033BE92C661383007DBE0A /* Teacher.swift in Sources */,
				30033BB02C65EBAF007DBE0A /* AppDelegate.swift in Sources */,
				30033BB22C65EBAF007DBE0A /* SceneDelegate.swift in Sources */,
				30033BFB2C664D44007DBE0A /* CircleButtonView.swift in Sources */,
				30033BE42C6606D0007DBE0A /* MainView.swift in Sources */,
				30033BF72C664852007DBE0A /* WordCellView.swift in Sources */,
				30033BD92C65FB25007DBE0A /* CoreDataManager.swift in Sources */,
				3066B8D72C666780002F2715 /* TeacherView.swift in Sources */,
				30033BEB2C661468007DBE0A /* MainViewModel.swift in Sources */,
			);
			runOnlyForDeploymentPostprocessing = 0;
		};
/* End PBXSourcesBuildPhase section */

/* Begin PBXVariantGroup section */
		30033BB52C65EBAF007DBE0A /* Main.storyboard */ = {
			isa = PBXVariantGroup;
			children = (
				30033BB62C65EBAF007DBE0A /* Base */,
			);
			name = Main.storyboard;
			sourceTree = "<group>";
		};
		30033BBA2C65EBB1007DBE0A /* LaunchScreen.storyboard */ = {
			isa = PBXVariantGroup;
			children = (
				30033BBB2C65EBB1007DBE0A /* Base */,
			);
			name = LaunchScreen.storyboard;
			sourceTree = "<group>";
		};
/* End PBXVariantGroup section */

/* Begin XCBuildConfiguration section */
		30033BBE2C65EBB1007DBE0A /* Debug */ = {
			isa = XCBuildConfiguration;
			buildSettings = {
				ALWAYS_SEARCH_USER_PATHS = NO;
				ASSETCATALOG_COMPILER_GENERATE_SWIFT_ASSET_SYMBOL_EXTENSIONS = YES;
				CLANG_ANALYZER_NONNULL = YES;
				CLANG_ANALYZER_NUMBER_OBJECT_CONVERSION = YES_AGGRESSIVE;
				CLANG_CXX_LANGUAGE_STANDARD = "gnu++20";
				CLANG_ENABLE_MODULES = YES;
				CLANG_ENABLE_OBJC_ARC = YES;
				CLANG_ENABLE_OBJC_WEAK = YES;
				CLANG_WARN_BLOCK_CAPTURE_AUTORELEASING = YES;
				CLANG_WARN_BOOL_CONVERSION = YES;
				CLANG_WARN_COMMA = YES;
				CLANG_WARN_CONSTANT_CONVERSION = YES;
				CLANG_WARN_DEPRECATED_OBJC_IMPLEMENTATIONS = YES;
				CLANG_WARN_DIRECT_OBJC_ISA_USAGE = YES_ERROR;
				CLANG_WARN_DOCUMENTATION_COMMENTS = YES;
				CLANG_WARN_EMPTY_BODY = YES;
				CLANG_WARN_ENUM_CONVERSION = YES;
				CLANG_WARN_INFINITE_RECURSION = YES;
				CLANG_WARN_INT_CONVERSION = YES;
				CLANG_WARN_NON_LITERAL_NULL_CONVERSION = YES;
				CLANG_WARN_OBJC_IMPLICIT_RETAIN_SELF = YES;
				CLANG_WARN_OBJC_LITERAL_CONVERSION = YES;
				CLANG_WARN_OBJC_ROOT_CLASS = YES_ERROR;
				CLANG_WARN_QUOTED_INCLUDE_IN_FRAMEWORK_HEADER = YES;
				CLANG_WARN_RANGE_LOOP_ANALYSIS = YES;
				CLANG_WARN_STRICT_PROTOTYPES = YES;
				CLANG_WARN_SUSPICIOUS_MOVE = YES;
				CLANG_WARN_UNGUARDED_AVAILABILITY = YES_AGGRESSIVE;
				CLANG_WARN_UNREACHABLE_CODE = YES;
				CLANG_WARN__DUPLICATE_METHOD_MATCH = YES;
				COPY_PHASE_STRIP = NO;
				DEBUG_INFORMATION_FORMAT = dwarf;
				ENABLE_STRICT_OBJC_MSGSEND = YES;
				ENABLE_TESTABILITY = YES;
				ENABLE_USER_SCRIPT_SANDBOXING = YES;
				GCC_C_LANGUAGE_STANDARD = gnu17;
				GCC_DYNAMIC_NO_PIC = NO;
				GCC_NO_COMMON_BLOCKS = YES;
				GCC_OPTIMIZATION_LEVEL = 0;
				GCC_PREPROCESSOR_DEFINITIONS = (
					"DEBUG=1",
					"$(inherited)",
				);
				GCC_WARN_64_TO_32_BIT_CONVERSION = YES;
				GCC_WARN_ABOUT_RETURN_TYPE = YES_ERROR;
				GCC_WARN_UNDECLARED_SELECTOR = YES;
				GCC_WARN_UNINITIALIZED_AUTOS = YES_AGGRESSIVE;
				GCC_WARN_UNUSED_FUNCTION = YES;
				GCC_WARN_UNUSED_VARIABLE = YES;
				IPHONEOS_DEPLOYMENT_TARGET = 17.5;
				LOCALIZATION_PREFERS_STRING_CATALOGS = YES;
				MTL_ENABLE_DEBUG_INFO = INCLUDE_SOURCE;
				MTL_FAST_MATH = YES;
				ONLY_ACTIVE_ARCH = YES;
				SDKROOT = iphoneos;
				SWIFT_ACTIVE_COMPILATION_CONDITIONS = "DEBUG $(inherited)";
				SWIFT_OPTIMIZATION_LEVEL = "-Onone";
			};
			name = Debug;
		};
		30033BBF2C65EBB1007DBE0A /* Release */ = {
			isa = XCBuildConfiguration;
			buildSettings = {
				ALWAYS_SEARCH_USER_PATHS = NO;
				ASSETCATALOG_COMPILER_GENERATE_SWIFT_ASSET_SYMBOL_EXTENSIONS = YES;
				CLANG_ANALYZER_NONNULL = YES;
				CLANG_ANALYZER_NUMBER_OBJECT_CONVERSION = YES_AGGRESSIVE;
				CLANG_CXX_LANGUAGE_STANDARD = "gnu++20";
				CLANG_ENABLE_MODULES = YES;
				CLANG_ENABLE_OBJC_ARC = YES;
				CLANG_ENABLE_OBJC_WEAK = YES;
				CLANG_WARN_BLOCK_CAPTURE_AUTORELEASING = YES;
				CLANG_WARN_BOOL_CONVERSION = YES;
				CLANG_WARN_COMMA = YES;
				CLANG_WARN_CONSTANT_CONVERSION = YES;
				CLANG_WARN_DEPRECATED_OBJC_IMPLEMENTATIONS = YES;
				CLANG_WARN_DIRECT_OBJC_ISA_USAGE = YES_ERROR;
				CLANG_WARN_DOCUMENTATION_COMMENTS = YES;
				CLANG_WARN_EMPTY_BODY = YES;
				CLANG_WARN_ENUM_CONVERSION = YES;
				CLANG_WARN_INFINITE_RECURSION = YES;
				CLANG_WARN_INT_CONVERSION = YES;
				CLANG_WARN_NON_LITERAL_NULL_CONVERSION = YES;
				CLANG_WARN_OBJC_IMPLICIT_RETAIN_SELF = YES;
				CLANG_WARN_OBJC_LITERAL_CONVERSION = YES;
				CLANG_WARN_OBJC_ROOT_CLASS = YES_ERROR;
				CLANG_WARN_QUOTED_INCLUDE_IN_FRAMEWORK_HEADER = YES;
				CLANG_WARN_RANGE_LOOP_ANALYSIS = YES;
				CLANG_WARN_STRICT_PROTOTYPES = YES;
				CLANG_WARN_SUSPICIOUS_MOVE = YES;
				CLANG_WARN_UNGUARDED_AVAILABILITY = YES_AGGRESSIVE;
				CLANG_WARN_UNREACHABLE_CODE = YES;
				CLANG_WARN__DUPLICATE_METHOD_MATCH = YES;
				COPY_PHASE_STRIP = NO;
				DEBUG_INFORMATION_FORMAT = "dwarf-with-dsym";
				ENABLE_NS_ASSERTIONS = NO;
				ENABLE_STRICT_OBJC_MSGSEND = YES;
				ENABLE_USER_SCRIPT_SANDBOXING = YES;
				GCC_C_LANGUAGE_STANDARD = gnu17;
				GCC_NO_COMMON_BLOCKS = YES;
				GCC_WARN_64_TO_32_BIT_CONVERSION = YES;
				GCC_WARN_ABOUT_RETURN_TYPE = YES_ERROR;
				GCC_WARN_UNDECLARED_SELECTOR = YES;
				GCC_WARN_UNINITIALIZED_AUTOS = YES_AGGRESSIVE;
				GCC_WARN_UNUSED_FUNCTION = YES;
				GCC_WARN_UNUSED_VARIABLE = YES;
				IPHONEOS_DEPLOYMENT_TARGET = 17.5;
				LOCALIZATION_PREFERS_STRING_CATALOGS = YES;
				MTL_ENABLE_DEBUG_INFO = NO;
				MTL_FAST_MATH = YES;
				SDKROOT = iphoneos;
				SWIFT_COMPILATION_MODE = wholemodule;
				VALIDATE_PRODUCT = YES;
			};
			name = Release;
		};
		30033BC12C65EBB1007DBE0A /* Debug */ = {
			isa = XCBuildConfiguration;
			buildSettings = {
				ASSETCATALOG_COMPILER_APPICON_NAME = AppIcon;
				ASSETCATALOG_COMPILER_GLOBAL_ACCENT_COLOR_NAME = AccentColor;
				CODE_SIGN_STYLE = Automatic;
				CURRENT_PROJECT_VERSION = 1;
				DEVELOPMENT_TEAM = AR6AN34RS9;
				GENERATE_INFOPLIST_FILE = YES;
				INFOPLIST_FILE = LangDiary/Info.plist;
				INFOPLIST_KEY_UIApplicationSupportsIndirectInputEvents = YES;
				INFOPLIST_KEY_UILaunchStoryboardName = LaunchScreen;
				INFOPLIST_KEY_UIMainStoryboardFile = Main;
				INFOPLIST_KEY_UISupportedInterfaceOrientations = UIInterfaceOrientationPortrait;
				INFOPLIST_KEY_UISupportedInterfaceOrientations_iPad = "UIInterfaceOrientationLandscapeLeft UIInterfaceOrientationLandscapeRight UIInterfaceOrientationPortrait UIInterfaceOrientationPortraitUpsideDown";
				IPHONEOS_DEPLOYMENT_TARGET = 15.0;
				LD_RUNPATH_SEARCH_PATHS = (
					"$(inherited)",
					"@executable_path/Frameworks",
				);
				MARKETING_VERSION = 1.0;
				PRODUCT_BUNDLE_IDENTIFIER = home.LangDiary;
				PRODUCT_NAME = "$(TARGET_NAME)";
				SUPPORTED_PLATFORMS = "iphoneos iphonesimulator";
				SUPPORTS_MACCATALYST = NO;
				SUPPORTS_MAC_DESIGNED_FOR_IPHONE_IPAD = NO;
				SUPPORTS_XR_DESIGNED_FOR_IPHONE_IPAD = NO;
				SWIFT_EMIT_LOC_STRINGS = YES;
				SWIFT_VERSION = 5.0;
				TARGETED_DEVICE_FAMILY = 1;
			};
			name = Debug;
		};
		30033BC22C65EBB1007DBE0A /* Release */ = {
			isa = XCBuildConfiguration;
			buildSettings = {
				ASSETCATALOG_COMPILER_APPICON_NAME = AppIcon;
				ASSETCATALOG_COMPILER_GLOBAL_ACCENT_COLOR_NAME = AccentColor;
				CODE_SIGN_STYLE = Automatic;
				CURRENT_PROJECT_VERSION = 1;
				DEVELOPMENT_TEAM = AR6AN34RS9;
				GENERATE_INFOPLIST_FILE = YES;
				INFOPLIST_FILE = LangDiary/Info.plist;
				INFOPLIST_KEY_UIApplicationSupportsIndirectInputEvents = YES;
				INFOPLIST_KEY_UILaunchStoryboardName = LaunchScreen;
				INFOPLIST_KEY_UIMainStoryboardFile = Main;
				INFOPLIST_KEY_UISupportedInterfaceOrientations = UIInterfaceOrientationPortrait;
				INFOPLIST_KEY_UISupportedInterfaceOrientations_iPad = "UIInterfaceOrientationLandscapeLeft UIInterfaceOrientationLandscapeRight UIInterfaceOrientationPortrait UIInterfaceOrientationPortraitUpsideDown";
				IPHONEOS_DEPLOYMENT_TARGET = 15.0;
				LD_RUNPATH_SEARCH_PATHS = (
					"$(inherited)",
					"@executable_path/Frameworks",
				);
				MARKETING_VERSION = 1.0;
				PRODUCT_BUNDLE_IDENTIFIER = home.LangDiary;
				PRODUCT_NAME = "$(TARGET_NAME)";
				SUPPORTED_PLATFORMS = "iphoneos iphonesimulator";
				SUPPORTS_MACCATALYST = NO;
				SUPPORTS_MAC_DESIGNED_FOR_IPHONE_IPAD = NO;
				SUPPORTS_XR_DESIGNED_FOR_IPHONE_IPAD = NO;
				SWIFT_EMIT_LOC_STRINGS = YES;
				SWIFT_VERSION = 5.0;
				TARGETED_DEVICE_FAMILY = 1;
			};
			name = Release;
		};
/* End XCBuildConfiguration section */

/* Begin XCConfigurationList section */
		30033BA72C65EBAF007DBE0A /* Build configuration list for PBXProject "LangDiary" */ = {
			isa = XCConfigurationList;
			buildConfigurations = (
				30033BBE2C65EBB1007DBE0A /* Debug */,
				30033BBF2C65EBB1007DBE0A /* Release */,
			);
			defaultConfigurationIsVisible = 0;
			defaultConfigurationName = Release;
		};
		30033BC02C65EBB1007DBE0A /* Build configuration list for PBXNativeTarget "LangDiary" */ = {
			isa = XCConfigurationList;
			buildConfigurations = (
				30033BC12C65EBB1007DBE0A /* Debug */,
				30033BC22C65EBB1007DBE0A /* Release */,
			);
			defaultConfigurationIsVisible = 0;
			defaultConfigurationName = Release;
		};
/* End XCConfigurationList section */

/* Begin XCVersionGroup section */
		30033BDA2C65FB68007DBE0A /* LangDiary.xcdatamodeld */ = {
			isa = XCVersionGroup;
			children = (
				30033BDB2C65FB68007DBE0A /* LangDiary.xcdatamodel */,
			);
			currentVersion = 30033BDB2C65FB68007DBE0A /* LangDiary.xcdatamodel */;
			name = LangDiary.xcdatamodeld;
			path = /Users/roman/Downloads/XcodeProgramm/LangDiary/LangDiary/CoreData/LangDiary.xcdatamodeld;
			sourceTree = "<group>";
			versionGroupType = wrapper.xcdatamodel;
		};
/* End XCVersionGroup section */
	};
	rootObject = 30033BA42C65EBAF007DBE0A /* Project object */;
}
